
Microsoft Visual Studio Solution File, Format Version 12.00
Project("{FAE04EC0-301F-11D3-BF4B-00C04F79EFBC}") = "Employee Leave Management System", "Employee Leave Management System\Employee Leave Management System.csproj", "{776356B6-6FDA-4DD1-BFAA-875C9FCD03F6}"
EndProject
Global
	GlobalSection(SolutionConfigurationPlatforms) = preSolution
		Debug|Any CPU = Debug|Any CPU
		Release|Any CPU = Release|Any CPU
	EndGlobalSection
	GlobalSection(ProjectConfigurationPlatforms) = postSolution
		{776356B6-6FDA-4DD1-BFAA-875C9FCD03F6}.Debug|Any CPU.ActiveCfg = Debug|Any CPU
		{776356B6-6FDA-4DD1-BFAA-875C9FCD03F6}.Debug|Any CPU.Build.0 = Debug|Any CPU
		{776356B6-6FDA-4DD1-BFAA-875C9FCD03F6}.Release|Any CPU.ActiveCfg = Release|Any CPU
		{776356B6-6FDA-4DD1-BFAA-875C9FCD03F6}.Release|Any CPU.Build.0 = Release|Any CPU
	EndGlobalSection
EndGlobal
